// !$*UTF8*$!
{
	archiveVersion = 1;
	classes = {
	};
	objectVersion = 46;
	objects = {

/* Begin PBXBuildFile section */
		3425BCA41C68A8FF00A7662F /* RecipesListDataSource.swift in Sources */ = {isa = PBXBuildFile; fileRef = 3425BCA31C68A8FF00A7662F /* RecipesListDataSource.swift */; };
		3425BCA61C68AED800A7662F /* RecipesListDelegate.swift in Sources */ = {isa = PBXBuildFile; fileRef = 3425BCA51C68AED800A7662F /* RecipesListDelegate.swift */; };
		342DCE551C67FB1000E6659E /* AppDelegate.swift in Sources */ = {isa = PBXBuildFile; fileRef = 342DCE541C67FB1000E6659E /* AppDelegate.swift */; };
		342DCE571C67FB1000E6659E /* Assets.xcassets in Resources */ = {isa = PBXBuildFile; fileRef = 342DCE561C67FB1000E6659E /* Assets.xcassets */; };
		342DCE5A1C67FB1000E6659E /* LaunchScreen.storyboard in Resources */ = {isa = PBXBuildFile; fileRef = 342DCE581C67FB1000E6659E /* LaunchScreen.storyboard */; };
		342DCE691C68047100E6659E /* NavigationViewController.swift in Sources */ = {isa = PBXBuildFile; fileRef = 342DCE681C68047100E6659E /* NavigationViewController.swift */; };
		342DCE6B1C680C9500E6659E /* RecipesListController.swift in Sources */ = {isa = PBXBuildFile; fileRef = 342DCE6A1C680C9500E6659E /* RecipesListController.swift */; };
		3452F1521C68CAEC00DF68C2 /* RecipesFormController.swift in Sources */ = {isa = PBXBuildFile; fileRef = 3452F1511C68CAEC00DF68C2 /* RecipesFormController.swift */; };
		3452F1561C68DD3B00DF68C2 /* RecipesFormDataSource.swift in Sources */ = {isa = PBXBuildFile; fileRef = 3452F1551C68DD3B00DF68C2 /* RecipesFormDataSource.swift */; };
		34988AE21C6920130059287C /* CreateRecipeUsecaseTests.swift in Sources */ = {isa = PBXBuildFile; fileRef = 34988AE11C6920130059287C /* CreateRecipeUsecaseTests.swift */; };
		34988AF11C69212C0059287C /* DificultyLevel.swift in Sources */ = {isa = PBXBuildFile; fileRef = 34988AE51C69210B0059287C /* DificultyLevel.swift */; };
		34988AF21C69212C0059287C /* MeasureUnity.swift in Sources */ = {isa = PBXBuildFile; fileRef = 34988AE61C69210B0059287C /* MeasureUnity.swift */; };
		34988AF31C69212C0059287C /* RecipeGateway.swift in Sources */ = {isa = PBXBuildFile; fileRef = 34988AE81C69210B0059287C /* RecipeGateway.swift */; };
		34988AF41C69212C0059287C /* ShowSavedRecipe.swift in Sources */ = {isa = PBXBuildFile; fileRef = 34988AEA1C69210B0059287C /* ShowSavedRecipe.swift */; };
		34988AF51C69212C0059287C /* Ingredient.swift in Sources */ = {isa = PBXBuildFile; fileRef = 34988AEC1C69210B0059287C /* Ingredient.swift */; };
		34988AF61C69212C0059287C /* Recipe.swift in Sources */ = {isa = PBXBuildFile; fileRef = 34988AED1C69210B0059287C /* Recipe.swift */; };
		34988AF71C69212C0059287C /* Step.swift in Sources */ = {isa = PBXBuildFile; fileRef = 34988AEE1C69210B0059287C /* Step.swift */; };
		34988AF81C69212C0059287C /* CreateRecipeUsecase.swift in Sources */ = {isa = PBXBuildFile; fileRef = 34988AF01C69210B0059287C /* CreateRecipeUsecase.swift */; };
		34988AF91C6921590059287C /* DificultyLevel.swift in Sources */ = {isa = PBXBuildFile; fileRef = 34988AE51C69210B0059287C /* DificultyLevel.swift */; };
		34988AFA1C6921590059287C /* MeasureUnity.swift in Sources */ = {isa = PBXBuildFile; fileRef = 34988AE61C69210B0059287C /* MeasureUnity.swift */; };
		34988AFB1C6921590059287C /* RecipeGateway.swift in Sources */ = {isa = PBXBuildFile; fileRef = 34988AE81C69210B0059287C /* RecipeGateway.swift */; };
		34988AFC1C6921590059287C /* ShowSavedRecipe.swift in Sources */ = {isa = PBXBuildFile; fileRef = 34988AEA1C69210B0059287C /* ShowSavedRecipe.swift */; };
		34988AFD1C6921590059287C /* Ingredient.swift in Sources */ = {isa = PBXBuildFile; fileRef = 34988AEC1C69210B0059287C /* Ingredient.swift */; };
		34988AFE1C6921590059287C /* Recipe.swift in Sources */ = {isa = PBXBuildFile; fileRef = 34988AED1C69210B0059287C /* Recipe.swift */; };
		34988AFF1C6921590059287C /* Step.swift in Sources */ = {isa = PBXBuildFile; fileRef = 34988AEE1C69210B0059287C /* Step.swift */; };
		34988B001C6921590059287C /* CreateRecipeUsecase.swift in Sources */ = {isa = PBXBuildFile; fileRef = 34988AF01C69210B0059287C /* CreateRecipeUsecase.swift */; };
		34988B031C6924AA0059287C /* ShowSavedRecipeFake.swift in Sources */ = {isa = PBXBuildFile; fileRef = 34988B021C6924AA0059287C /* ShowSavedRecipeFake.swift */; };
		34988B0D1C69268D0059287C /* RecipeGatewayFake.swift in Sources */ = {isa = PBXBuildFile; fileRef = 34988B0C1C69268D0059287C /* RecipeGatewayFake.swift */; };
		34988B101C692AB20059287C /* RecipeValidator.swift in Sources */ = {isa = PBXBuildFile; fileRef = 34988B0F1C692AB20059287C /* RecipeValidator.swift */; };
		34988B111C692AB20059287C /* RecipeValidator.swift in Sources */ = {isa = PBXBuildFile; fileRef = 34988B0F1C692AB20059287C /* RecipeValidator.swift */; };
		34988B131C692B900059287C /* RecipeError.swift in Sources */ = {isa = PBXBuildFile; fileRef = 34988B121C692B900059287C /* RecipeError.swift */; };
		34988B141C692B900059287C /* RecipeError.swift in Sources */ = {isa = PBXBuildFile; fileRef = 34988B121C692B900059287C /* RecipeError.swift */; };
		34988B181C69F41D0059287C /* RecipeGatewayCoreData.swift in Sources */ = {isa = PBXBuildFile; fileRef = 34988B171C69F41D0059287C /* RecipeGatewayCoreData.swift */; };
		34988B191C69F41D0059287C /* RecipeGatewayCoreData.swift in Sources */ = {isa = PBXBuildFile; fileRef = 34988B171C69F41D0059287C /* RecipeGatewayCoreData.swift */; };
		34988B1B1C69F4580059287C /* ShowSavedRecipeIOS.swift in Sources */ = {isa = PBXBuildFile; fileRef = 34988B1A1C69F4580059287C /* ShowSavedRecipeIOS.swift */; };
		34988B1C1C69F4580059287C /* ShowSavedRecipeIOS.swift in Sources */ = {isa = PBXBuildFile; fileRef = 34988B1A1C69F4580059287C /* ShowSavedRecipeIOS.swift */; };
		34988B1D1C69FF070059287C /* RecipesFormController.swift in Sources */ = {isa = PBXBuildFile; fileRef = 3452F1511C68CAEC00DF68C2 /* RecipesFormController.swift */; };
		34988B1E1C69FF1A0059287C /* RecipesFormDataSource.swift in Sources */ = {isa = PBXBuildFile; fileRef = 3452F1551C68DD3B00DF68C2 /* RecipesFormDataSource.swift */; };
		34988B1F1C69FF260059287C /* UIViewAutoLayoutExtension.swift in Sources */ = {isa = PBXBuildFile; fileRef = 34CB819D1C68F93100BB2EC3 /* UIViewAutoLayoutExtension.swift */; };
		34CB819E1C68F93100BB2EC3 /* UIViewAutoLayoutExtension.swift in Sources */ = {isa = PBXBuildFile; fileRef = 34CB819D1C68F93100BB2EC3 /* UIViewAutoLayoutExtension.swift */; };
		34EA510A1C6A0EB400E90DB4 /* RecipesListDelegate.swift in Sources */ = {isa = PBXBuildFile; fileRef = 3425BCA51C68AED800A7662F /* RecipesListDelegate.swift */; };
		34FB6DA31C6A27A10087B86B /* RecipesFormControllerDelegate.swift in Sources */ = {isa = PBXBuildFile; fileRef = 34FB6DA21C6A27A10087B86B /* RecipesFormControllerDelegate.swift */; };
		34FB6DA41C6A27A10087B86B /* RecipesFormControllerDelegate.swift in Sources */ = {isa = PBXBuildFile; fileRef = 34FB6DA21C6A27A10087B86B /* RecipesFormControllerDelegate.swift */; };
		34FB6DA61C6A27BA0087B86B /* RecipesListControllerDelegate.swift in Sources */ = {isa = PBXBuildFile; fileRef = 34FB6DA51C6A27BA0087B86B /* RecipesListControllerDelegate.swift */; };
		34FB6DA71C6A27BA0087B86B /* RecipesListControllerDelegate.swift in Sources */ = {isa = PBXBuildFile; fileRef = 34FB6DA51C6A27BA0087B86B /* RecipesListControllerDelegate.swift */; };
/* End PBXBuildFile section */

/* Begin PBXContainerItemProxy section */
		3452F14B1C68BB3500DF68C2 /* PBXContainerItemProxy */ = {
			isa = PBXContainerItemProxy;
			containerPortal = 342DCE491C67FB1000E6659E /* Project object */;
			proxyType = 1;
			remoteGlobalIDString = 342DCE501C67FB1000E6659E;
			remoteInfo = Recipes;
		};
/* End PBXContainerItemProxy section */

/* Begin PBXFileReference section */
		3425BCA31C68A8FF00A7662F /* RecipesListDataSource.swift */ = {isa = PBXFileReference; fileEncoding = 4; lastKnownFileType = sourcecode.swift; path = RecipesListDataSource.swift; sourceTree = "<group>"; };
		3425BCA51C68AED800A7662F /* RecipesListDelegate.swift */ = {isa = PBXFileReference; fileEncoding = 4; lastKnownFileType = sourcecode.swift; path = RecipesListDelegate.swift; sourceTree = "<group>"; };
		342DCE511C67FB1000E6659E /* Recipes.app */ = {isa = PBXFileReference; explicitFileType = wrapper.application; includeInIndex = 0; path = Recipes.app; sourceTree = BUILT_PRODUCTS_DIR; };
		342DCE541C67FB1000E6659E /* AppDelegate.swift */ = {isa = PBXFileReference; lastKnownFileType = sourcecode.swift; path = AppDelegate.swift; sourceTree = "<group>"; };
		342DCE561C67FB1000E6659E /* Assets.xcassets */ = {isa = PBXFileReference; lastKnownFileType = folder.assetcatalog; path = Assets.xcassets; sourceTree = "<group>"; };
		342DCE591C67FB1000E6659E /* Base */ = {isa = PBXFileReference; lastKnownFileType = file.storyboard; name = Base; path = Base.lproj/LaunchScreen.storyboard; sourceTree = "<group>"; };
		342DCE5B1C67FB1000E6659E /* Info.plist */ = {isa = PBXFileReference; lastKnownFileType = text.plist.xml; path = Info.plist; sourceTree = "<group>"; };
		342DCE681C68047100E6659E /* NavigationViewController.swift */ = {isa = PBXFileReference; fileEncoding = 4; lastKnownFileType = sourcecode.swift; path = NavigationViewController.swift; sourceTree = "<group>"; };
		342DCE6A1C680C9500E6659E /* RecipesListController.swift */ = {isa = PBXFileReference; fileEncoding = 4; lastKnownFileType = sourcecode.swift; path = RecipesListController.swift; sourceTree = "<group>"; };
		3452F1461C68BB3500DF68C2 /* RecipesTests.xctest */ = {isa = PBXFileReference; explicitFileType = wrapper.cfbundle; includeInIndex = 0; path = RecipesTests.xctest; sourceTree = BUILT_PRODUCTS_DIR; };
		3452F14A1C68BB3500DF68C2 /* Info.plist */ = {isa = PBXFileReference; lastKnownFileType = text.plist.xml; path = Info.plist; sourceTree = "<group>"; };
		3452F1511C68CAEC00DF68C2 /* RecipesFormController.swift */ = {isa = PBXFileReference; fileEncoding = 4; lastKnownFileType = sourcecode.swift; path = RecipesFormController.swift; sourceTree = "<group>"; };
		3452F1551C68DD3B00DF68C2 /* RecipesFormDataSource.swift */ = {isa = PBXFileReference; fileEncoding = 4; lastKnownFileType = sourcecode.swift; path = RecipesFormDataSource.swift; sourceTree = "<group>"; };
		34988AE11C6920130059287C /* CreateRecipeUsecaseTests.swift */ = {isa = PBXFileReference; fileEncoding = 4; lastKnownFileType = sourcecode.swift; path = CreateRecipeUsecaseTests.swift; sourceTree = "<group>"; };
		34988AE51C69210B0059287C /* DificultyLevel.swift */ = {isa = PBXFileReference; lastKnownFileType = sourcecode.swift; path = DificultyLevel.swift; sourceTree = "<group>"; };
		34988AE61C69210B0059287C /* MeasureUnity.swift */ = {isa = PBXFileReference; lastKnownFileType = sourcecode.swift; path = MeasureUnity.swift; sourceTree = "<group>"; };
		34988AE81C69210B0059287C /* RecipeGateway.swift */ = {isa = PBXFileReference; lastKnownFileType = sourcecode.swift; path = RecipeGateway.swift; sourceTree = "<group>"; };
		34988AEA1C69210B0059287C /* ShowSavedRecipe.swift */ = {isa = PBXFileReference; lastKnownFileType = sourcecode.swift; path = ShowSavedRecipe.swift; sourceTree = "<group>"; };
		34988AEC1C69210B0059287C /* Ingredient.swift */ = {isa = PBXFileReference; lastKnownFileType = sourcecode.swift; path = Ingredient.swift; sourceTree = "<group>"; };
		34988AED1C69210B0059287C /* Recipe.swift */ = {isa = PBXFileReference; lastKnownFileType = sourcecode.swift; path = Recipe.swift; sourceTree = "<group>"; };
		34988AEE1C69210B0059287C /* Step.swift */ = {isa = PBXFileReference; lastKnownFileType = sourcecode.swift; path = Step.swift; sourceTree = "<group>"; };
		34988AF01C69210B0059287C /* CreateRecipeUsecase.swift */ = {isa = PBXFileReference; lastKnownFileType = sourcecode.swift; path = CreateRecipeUsecase.swift; sourceTree = "<group>"; };
		34988B021C6924AA0059287C /* ShowSavedRecipeFake.swift */ = {isa = PBXFileReference; fileEncoding = 4; lastKnownFileType = sourcecode.swift; path = ShowSavedRecipeFake.swift; sourceTree = "<group>"; };
		34988B0C1C69268D0059287C /* RecipeGatewayFake.swift */ = {isa = PBXFileReference; fileEncoding = 4; lastKnownFileType = sourcecode.swift; path = RecipeGatewayFake.swift; sourceTree = "<group>"; };
		34988B0F1C692AB20059287C /* RecipeValidator.swift */ = {isa = PBXFileReference; fileEncoding = 4; lastKnownFileType = sourcecode.swift; path = RecipeValidator.swift; sourceTree = "<group>"; };
		34988B121C692B900059287C /* RecipeError.swift */ = {isa = PBXFileReference; fileEncoding = 4; lastKnownFileType = sourcecode.swift; path = RecipeError.swift; sourceTree = "<group>"; };
		34988B171C69F41D0059287C /* RecipeGatewayCoreData.swift */ = {isa = PBXFileReference; fileEncoding = 4; lastKnownFileType = sourcecode.swift; path = RecipeGatewayCoreData.swift; sourceTree = "<group>"; };
		34988B1A1C69F4580059287C /* ShowSavedRecipeIOS.swift */ = {isa = PBXFileReference; fileEncoding = 4; lastKnownFileType = sourcecode.swift; path = ShowSavedRecipeIOS.swift; sourceTree = "<group>"; };
		34CB819D1C68F93100BB2EC3 /* UIViewAutoLayoutExtension.swift */ = {isa = PBXFileReference; fileEncoding = 4; lastKnownFileType = sourcecode.swift; path = UIViewAutoLayoutExtension.swift; sourceTree = "<group>"; };
		34FB6DA21C6A27A10087B86B /* RecipesFormControllerDelegate.swift */ = {isa = PBXFileReference; fileEncoding = 4; lastKnownFileType = sourcecode.swift; path = RecipesFormControllerDelegate.swift; sourceTree = "<group>"; };
		34FB6DA51C6A27BA0087B86B /* RecipesListControllerDelegate.swift */ = {isa = PBXFileReference; fileEncoding = 4; lastKnownFileType = sourcecode.swift; path = RecipesListControllerDelegate.swift; sourceTree = "<group>"; };
/* End PBXFileReference section */

/* Begin PBXFrameworksBuildPhase section */
		342DCE4E1C67FB1000E6659E /* Frameworks */ = {
			isa = PBXFrameworksBuildPhase;
			buildActionMask = 2147483647;
			files = (
			);
			runOnlyForDeploymentPostprocessing = 0;
		};
		3452F1431C68BB3500DF68C2 /* Frameworks */ = {
			isa = PBXFrameworksBuildPhase;
			buildActionMask = 2147483647;
			files = (
			);
			runOnlyForDeploymentPostprocessing = 0;
		};
/* End PBXFrameworksBuildPhase section */

/* Begin PBXGroup section */
		3425BCA71C68B6CF00A7662F /* Recipes */ = {
			isa = PBXGroup;
			children = (
				3452F1501C68C8DB00DF68C2 /* Form */,
				3425BCA81C68B70500A7662F /* List */,
			);
			name = Recipes;
			path = Recipes/ViewControllers/Recipes;
			sourceTree = SOURCE_ROOT;
		};
		3425BCA81C68B70500A7662F /* List */ = {
			isa = PBXGroup;
			children = (
				342DCE6A1C680C9500E6659E /* RecipesListController.swift */,
				3425BCA31C68A8FF00A7662F /* RecipesListDataSource.swift */,
				3425BCA51C68AED800A7662F /* RecipesListDelegate.swift */,
			);
			name = List;
			path = Recipes/ViewControllers/Recipes/List;
			sourceTree = SOURCE_ROOT;
		};
		3425BCAA1C68B87500A7662F /* ApplicationBase */ = {
			isa = PBXGroup;
			children = (
				342DCE541C67FB1000E6659E /* AppDelegate.swift */,
				342DCE561C67FB1000E6659E /* Assets.xcassets */,
				342DCE581C67FB1000E6659E /* LaunchScreen.storyboard */,
				342DCE5B1C67FB1000E6659E /* Info.plist */,
				34CB819D1C68F93100BB2EC3 /* UIViewAutoLayoutExtension.swift */,
			);
			name = ApplicationBase;
			path = Recipes/ApplicationBase;
			sourceTree = SOURCE_ROOT;
		};
		342DCE481C67FB1000E6659E = {
			isa = PBXGroup;
			children = (
				34988AE31C69210B0059287C /* Core */,
				342DCE531C67FB1000E6659E /* Recipes */,
				3452F1471C68BB3500DF68C2 /* RecipesTests */,
				342DCE521C67FB1000E6659E /* Products */,
			);
			sourceTree = "<group>";
		};
		342DCE521C67FB1000E6659E /* Products */ = {
			isa = PBXGroup;
			children = (
				342DCE511C67FB1000E6659E /* Recipes.app */,
				3452F1461C68BB3500DF68C2 /* RecipesTests.xctest */,
			);
			name = Products;
			sourceTree = "<group>";
		};
		342DCE531C67FB1000E6659E /* Recipes */ = {
			isa = PBXGroup;
			children = (
				346814B71C6ABEDA0037FAF9 /* Models */,
				3425BCAA1C68B87500A7662F /* ApplicationBase */,
				34988B161C69F3DF0059287C /* Gateways */,
				34988B151C69F3D80059287C /* Presenters */,
				342DCE611C6801F500E6659E /* ViewControllers */,
			);
			path = Recipes;
			sourceTree = SOURCE_ROOT;
		};
		342DCE611C6801F500E6659E /* ViewControllers */ = {
			isa = PBXGroup;
			children = (
				3425BCA71C68B6CF00A7662F /* Recipes */,
				342DCE681C68047100E6659E /* NavigationViewController.swift */,
			);
			name = ViewControllers;
			path = Recipes/ViewControllers;
			sourceTree = SOURCE_ROOT;
		};
		3452F1471C68BB3500DF68C2 /* RecipesTests */ = {
			isa = PBXGroup;
			children = (
				34988B011C6924870059287C /* Fakes */,
				34988AE01C691FF20059287C /* Usecases */,
				347FC35F1C6A2D7500B5859D /* TestsBase */,
			);
			path = RecipesTests;
			sourceTree = "<group>";
		};
		3452F1501C68C8DB00DF68C2 /* Form */ = {
			isa = PBXGroup;
			children = (
				3452F1511C68CAEC00DF68C2 /* RecipesFormController.swift */,
				3452F1551C68DD3B00DF68C2 /* RecipesFormDataSource.swift */,
			);
			name = Form;
			path = Recipes/ViewControllers/Recipes/Form;
			sourceTree = SOURCE_ROOT;
		};
		346814B71C6ABEDA0037FAF9 /* Models */ = {
			isa = PBXGroup;
			children = (
			);
			name = Models;
			path = Recipes/Models;
			sourceTree = SOURCE_ROOT;
		};
		347FC35F1C6A2D7500B5859D /* TestsBase */ = {
			isa = PBXGroup;
			children = (
				3452F14A1C68BB3500DF68C2 /* Info.plist */,
			);
			name = TestsBase;
			path = RecipesTests/TestsBase;
			sourceTree = SOURCE_ROOT;
		};
		34988AE01C691FF20059287C /* Usecases */ = {
			isa = PBXGroup;
			children = (
				34988AE11C6920130059287C /* CreateRecipeUsecaseTests.swift */,
			);
			name = Usecases;
			path = RecipesTests/Usecases;
			sourceTree = SOURCE_ROOT;
		};
		34988AE31C69210B0059287C /* Core */ = {
			isa = PBXGroup;
			children = (
				34FB6DA11C6A27890087B86B /* Delegates */,
				34988AE41C69210B0059287C /* Enums */,
				34988AE71C69210B0059287C /* Gateways */,
				34988AE91C69210B0059287C /* Presenters */,
				34988AEB1C69210B0059287C /* Structs */,
				34988AEF1C69210B0059287C /* Usecases */,
				34988B0E1C692A970059287C /* Validators */,
			);
			path = Core;
			sourceTree = SOURCE_ROOT;
		};
		34988AE41C69210B0059287C /* Enums */ = {
			isa = PBXGroup;
			children = (
				34988AE51C69210B0059287C /* DificultyLevel.swift */,
				34988AE61C69210B0059287C /* MeasureUnity.swift */,
				34988B121C692B900059287C /* RecipeError.swift */,
			);
			path = Enums;
			sourceTree = "<group>";
		};
		34988AE71C69210B0059287C /* Gateways */ = {
			isa = PBXGroup;
			children = (
				34988AE81C69210B0059287C /* RecipeGateway.swift */,
			);
			path = Gateways;
			sourceTree = "<group>";
		};
		34988AE91C69210B0059287C /* Presenters */ = {
			isa = PBXGroup;
			children = (
				34988AEA1C69210B0059287C /* ShowSavedRecipe.swift */,
			);
			path = Presenters;
			sourceTree = "<group>";
		};
		34988AEB1C69210B0059287C /* Structs */ = {
			isa = PBXGroup;
			children = (
				34988AEC1C69210B0059287C /* Ingredient.swift */,
				34988AED1C69210B0059287C /* Recipe.swift */,
				34988AEE1C69210B0059287C /* Step.swift */,
			);
			path = Structs;
			sourceTree = "<group>";
		};
		34988AEF1C69210B0059287C /* Usecases */ = {
			isa = PBXGroup;
			children = (
				34988AF01C69210B0059287C /* CreateRecipeUsecase.swift */,
			);
			path = Usecases;
			sourceTree = "<group>";
		};
		34988B011C6924870059287C /* Fakes */ = {
			isa = PBXGroup;
			children = (
				34988B0B1C6926740059287C /* Gateways */,
				34988B071C69264C0059287C /* Presenters */,
			);
			name = Fakes;
			path = RecipesTests/Fakes;
			sourceTree = SOURCE_ROOT;
		};
		34988B071C69264C0059287C /* Presenters */ = {
			isa = PBXGroup;
			children = (
				34988B021C6924AA0059287C /* ShowSavedRecipeFake.swift */,
			);
			name = Presenters;
			path = RecipesTests/Fakes/Presenters;
			sourceTree = SOURCE_ROOT;
		};
		34988B0B1C6926740059287C /* Gateways */ = {
			isa = PBXGroup;
			children = (
				34988B0C1C69268D0059287C /* RecipeGatewayFake.swift */,
			);
			name = Gateways;
			path = RecipesTests/Fakes/Gateways;
			sourceTree = SOURCE_ROOT;
		};
		34988B0E1C692A970059287C /* Validators */ = {
			isa = PBXGroup;
			children = (
				34988B0F1C692AB20059287C /* RecipeValidator.swift */,
			);
			name = Validators;
			path = Core/Validators;
			sourceTree = SOURCE_ROOT;
		};
		34988B151C69F3D80059287C /* Presenters */ = {
			isa = PBXGroup;
			children = (
				34988B1A1C69F4580059287C /* ShowSavedRecipeIOS.swift */,
			);
			name = Presenters;
			path = Recipes/Presenters;
			sourceTree = SOURCE_ROOT;
		};
		34988B161C69F3DF0059287C /* Gateways */ = {
			isa = PBXGroup;
			children = (
				34988B171C69F41D0059287C /* RecipeGatewayCoreData.swift */,
			);
			name = Gateways;
			path = Recipes/Gateways;
			sourceTree = SOURCE_ROOT;
		};
		34FB6DA11C6A27890087B86B /* Delegates */ = {
			isa = PBXGroup;
			children = (
				34FB6DA21C6A27A10087B86B /* RecipesFormControllerDelegate.swift */,
				34FB6DA51C6A27BA0087B86B /* RecipesListControllerDelegate.swift */,
			);
			name = Delegates;
			path = Core/Delegates;
			sourceTree = SOURCE_ROOT;
		};
/* End PBXGroup section */

/* Begin PBXNativeTarget section */
		342DCE501C67FB1000E6659E /* Recipes */ = {
			isa = PBXNativeTarget;
			buildConfigurationList = 342DCE5E1C67FB1000E6659E /* Build configuration list for PBXNativeTarget "Recipes" */;
			buildPhases = (
				342DCE4D1C67FB1000E6659E /* Sources */,
				342DCE4E1C67FB1000E6659E /* Frameworks */,
				342DCE4F1C67FB1000E6659E /* Resources */,
			);
			buildRules = (
			);
			dependencies = (
			);
			name = Recipes;
			productName = Recipes;
			productReference = 342DCE511C67FB1000E6659E /* Recipes.app */;
			productType = "com.apple.product-type.application";
		};
		3452F1451C68BB3500DF68C2 /* RecipesTests */ = {
			isa = PBXNativeTarget;
			buildConfigurationList = 3452F14D1C68BB3500DF68C2 /* Build configuration list for PBXNativeTarget "RecipesTests" */;
			buildPhases = (
				3452F1421C68BB3500DF68C2 /* Sources */,
				3452F1431C68BB3500DF68C2 /* Frameworks */,
				3452F1441C68BB3500DF68C2 /* Resources */,
			);
			buildRules = (
			);
			dependencies = (
				3452F14C1C68BB3500DF68C2 /* PBXTargetDependency */,
			);
			name = RecipesTests;
			productName = RecipesTests;
			productReference = 3452F1461C68BB3500DF68C2 /* RecipesTests.xctest */;
			productType = "com.apple.product-type.bundle.unit-test";
		};
/* End PBXNativeTarget section */

/* Begin PBXProject section */
		342DCE491C67FB1000E6659E /* Project object */ = {
			isa = PBXProject;
			attributes = {
				LastSwiftUpdateCheck = 0720;
				LastUpgradeCheck = 0720;
				ORGANIZATIONNAME = "Ronan Rodrigo Nunes";
				TargetAttributes = {
					342DCE501C67FB1000E6659E = {
						CreatedOnToolsVersion = 7.2.1;
					};
					3452F1451C68BB3500DF68C2 = {
						CreatedOnToolsVersion = 7.2.1;
						TestTargetID = 342DCE501C67FB1000E6659E;
					};
				};
			};
			buildConfigurationList = 342DCE4C1C67FB1000E6659E /* Build configuration list for PBXProject "Recipes" */;
			compatibilityVersion = "Xcode 3.2";
			developmentRegion = English;
			hasScannedForEncodings = 0;
			knownRegions = (
				en,
				Base,
			);
			mainGroup = 342DCE481C67FB1000E6659E;
			productRefGroup = 342DCE521C67FB1000E6659E /* Products */;
			projectDirPath = "";
			projectRoot = "";
			targets = (
				342DCE501C67FB1000E6659E /* Recipes */,
				3452F1451C68BB3500DF68C2 /* RecipesTests */,
			);
		};
/* End PBXProject section */

/* Begin PBXResourcesBuildPhase section */
		342DCE4F1C67FB1000E6659E /* Resources */ = {
			isa = PBXResourcesBuildPhase;
			buildActionMask = 2147483647;
			files = (
				342DCE571C67FB1000E6659E /* Assets.xcassets in Resources */,
				342DCE5A1C67FB1000E6659E /* LaunchScreen.storyboard in Resources */,
			);
			runOnlyForDeploymentPostprocessing = 0;
		};
		3452F1441C68BB3500DF68C2 /* Resources */ = {
			isa = PBXResourcesBuildPhase;
			buildActionMask = 2147483647;
			files = (
			);
			runOnlyForDeploymentPostprocessing = 0;
		};
/* End PBXResourcesBuildPhase section */

/* Begin PBXSourcesBuildPhase section */
		342DCE4D1C67FB1000E6659E /* Sources */ = {
			isa = PBXSourcesBuildPhase;
			buildActionMask = 2147483647;
			files = (
				34988AF11C69212C0059287C /* DificultyLevel.swift in Sources */,
				34988AF21C69212C0059287C /* MeasureUnity.swift in Sources */,
				34988AF31C69212C0059287C /* RecipeGateway.swift in Sources */,
				34988AF41C69212C0059287C /* ShowSavedRecipe.swift in Sources */,
				34FB6DA31C6A27A10087B86B /* RecipesFormControllerDelegate.swift in Sources */,
				34988AF51C69212C0059287C /* Ingredient.swift in Sources */,
				34988AF61C69212C0059287C /* Recipe.swift in Sources */,
				34988AF71C69212C0059287C /* Step.swift in Sources */,
				34988AF81C69212C0059287C /* CreateRecipeUsecase.swift in Sources */,
				3452F1561C68DD3B00DF68C2 /* RecipesFormDataSource.swift in Sources */,
				3425BCA41C68A8FF00A7662F /* RecipesListDataSource.swift in Sources */,
				34988B181C69F41D0059287C /* RecipeGatewayCoreData.swift in Sources */,
				342DCE691C68047100E6659E /* NavigationViewController.swift in Sources */,
				3425BCA61C68AED800A7662F /* RecipesListDelegate.swift in Sources */,
				34CB819E1C68F93100BB2EC3 /* UIViewAutoLayoutExtension.swift in Sources */,
				34988B1B1C69F4580059287C /* ShowSavedRecipeIOS.swift in Sources */,
				34988B101C692AB20059287C /* RecipeValidator.swift in Sources */,
				342DCE6B1C680C9500E6659E /* RecipesListController.swift in Sources */,
				342DCE551C67FB1000E6659E /* AppDelegate.swift in Sources */,
				34988B131C692B900059287C /* RecipeError.swift in Sources */,
				34FB6DA61C6A27BA0087B86B /* RecipesListControllerDelegate.swift in Sources */,
				3452F1521C68CAEC00DF68C2 /* RecipesFormController.swift in Sources */,
			);
			runOnlyForDeploymentPostprocessing = 0;
		};
		3452F1421C68BB3500DF68C2 /* Sources */ = {
			isa = PBXSourcesBuildPhase;
			buildActionMask = 2147483647;
			files = (
				34988AF91C6921590059287C /* DificultyLevel.swift in Sources */,
				34988AFA1C6921590059287C /* MeasureUnity.swift in Sources */,
				34988AFB1C6921590059287C /* RecipeGateway.swift in Sources */,
				34988AFC1C6921590059287C /* ShowSavedRecipe.swift in Sources */,
				34EA510A1C6A0EB400E90DB4 /* RecipesListDelegate.swift in Sources */,
				34988B1C1C69F4580059287C /* ShowSavedRecipeIOS.swift in Sources */,
				34988AFD1C6921590059287C /* Ingredient.swift in Sources */,
				34988B0D1C69268D0059287C /* RecipeGatewayFake.swift in Sources */,
				34FB6DA41C6A27A10087B86B /* RecipesFormControllerDelegate.swift in Sources */,
				34988B141C692B900059287C /* RecipeError.swift in Sources */,
				34988AFE1C6921590059287C /* Recipe.swift in Sources */,
				34988B1D1C69FF070059287C /* RecipesFormController.swift in Sources */,
				34FB6DA71C6A27BA0087B86B /* RecipesListControllerDelegate.swift in Sources */,
				34988AFF1C6921590059287C /* Step.swift in Sources */,
				34988B001C6921590059287C /* CreateRecipeUsecase.swift in Sources */,
				34988AE21C6920130059287C /* CreateRecipeUsecaseTests.swift in Sources */,
				34988B1F1C69FF260059287C /* UIViewAutoLayoutExtension.swift in Sources */,
				34988B111C692AB20059287C /* RecipeValidator.swift in Sources */,
				34988B1E1C69FF1A0059287C /* RecipesFormDataSource.swift in Sources */,
				34988B031C6924AA0059287C /* ShowSavedRecipeFake.swift in Sources */,
				34988B191C69F41D0059287C /* RecipeGatewayCoreData.swift in Sources */,
			);
			runOnlyForDeploymentPostprocessing = 0;
		};
/* End PBXSourcesBuildPhase section */

/* Begin PBXTargetDependency section */
		3452F14C1C68BB3500DF68C2 /* PBXTargetDependency */ = {
			isa = PBXTargetDependency;
			target = 342DCE501C67FB1000E6659E /* Recipes */;
			targetProxy = 3452F14B1C68BB3500DF68C2 /* PBXContainerItemProxy */;
		};
/* End PBXTargetDependency section */

/* Begin PBXVariantGroup section */
		342DCE581C67FB1000E6659E /* LaunchScreen.storyboard */ = {
			isa = PBXVariantGroup;
			children = (
				342DCE591C67FB1000E6659E /* Base */,
			);
			name = LaunchScreen.storyboard;
			sourceTree = "<group>";
		};
/* End PBXVariantGroup section */

/* Begin XCBuildConfiguration section */
		342DCE5C1C67FB1000E6659E /* Debug */ = {
			isa = XCBuildConfiguration;
			buildSettings = {
				ALWAYS_SEARCH_USER_PATHS = NO;
				CLANG_CXX_LANGUAGE_STANDARD = "gnu++0x";
				CLANG_CXX_LIBRARY = "libc++";
				CLANG_ENABLE_MODULES = YES;
				CLANG_ENABLE_OBJC_ARC = YES;
				CLANG_WARN_BOOL_CONVERSION = YES;
				CLANG_WARN_CONSTANT_CONVERSION = YES;
				CLANG_WARN_DIRECT_OBJC_ISA_USAGE = YES_ERROR;
				CLANG_WARN_EMPTY_BODY = YES;
				CLANG_WARN_ENUM_CONVERSION = YES;
				CLANG_WARN_INT_CONVERSION = YES;
				CLANG_WARN_OBJC_ROOT_CLASS = YES_ERROR;
				CLANG_WARN_UNREACHABLE_CODE = YES;
				CLANG_WARN__DUPLICATE_METHOD_MATCH = YES;
				"CODE_SIGN_IDENTITY[sdk=iphoneos*]" = "iPhone Developer";
				COPY_PHASE_STRIP = NO;
				DEBUG_INFORMATION_FORMAT = dwarf;
				ENABLE_STRICT_OBJC_MSGSEND = YES;
				ENABLE_TESTABILITY = YES;
				GCC_C_LANGUAGE_STANDARD = gnu99;
				GCC_DYNAMIC_NO_PIC = NO;
				GCC_NO_COMMON_BLOCKS = YES;
				GCC_OPTIMIZATION_LEVEL = 0;
				GCC_PREPROCESSOR_DEFINITIONS = (
					"DEBUG=1",
					"$(inherited)",
				);
				GCC_WARN_64_TO_32_BIT_CONVERSION = YES;
				GCC_WARN_ABOUT_RETURN_TYPE = YES_ERROR;
				GCC_WARN_UNDECLARED_SELECTOR = YES;
				GCC_WARN_UNINITIALIZED_AUTOS = YES_AGGRESSIVE;
				GCC_WARN_UNUSED_FUNCTION = YES;
				GCC_WARN_UNUSED_VARIABLE = YES;
				IPHONEOS_DEPLOYMENT_TARGET = 9.2;
				MTL_ENABLE_DEBUG_INFO = YES;
				ONLY_ACTIVE_ARCH = YES;
				SDKROOT = iphoneos;
				SWIFT_OPTIMIZATION_LEVEL = "-Onone";
				TARGETED_DEVICE_FAMILY = "1,2";
			};
			name = Debug;
		};
		342DCE5D1C67FB1000E6659E /* Release */ = {
			isa = XCBuildConfiguration;
			buildSettings = {
				ALWAYS_SEARCH_USER_PATHS = NO;
				CLANG_CXX_LANGUAGE_STANDARD = "gnu++0x";
				CLANG_CXX_LIBRARY = "libc++";
				CLANG_ENABLE_MODULES = YES;
				CLANG_ENABLE_OBJC_ARC = YES;
				CLANG_WARN_BOOL_CONVERSION = YES;
				CLANG_WARN_CONSTANT_CONVERSION = YES;
				CLANG_WARN_DIRECT_OBJC_ISA_USAGE = YES_ERROR;
				CLANG_WARN_EMPTY_BODY = YES;
				CLANG_WARN_ENUM_CONVERSION = YES;
				CLANG_WARN_INT_CONVERSION = YES;
				CLANG_WARN_OBJC_ROOT_CLASS = YES_ERROR;
				CLANG_WARN_UNREACHABLE_CODE = YES;
				CLANG_WARN__DUPLICATE_METHOD_MATCH = YES;
				"CODE_SIGN_IDENTITY[sdk=iphoneos*]" = "iPhone Developer";
				COPY_PHASE_STRIP = NO;
				DEBUG_INFORMATION_FORMAT = "dwarf-with-dsym";
				ENABLE_NS_ASSERTIONS = NO;
				ENABLE_STRICT_OBJC_MSGSEND = YES;
				GCC_C_LANGUAGE_STANDARD = gnu99;
				GCC_NO_COMMON_BLOCKS = YES;
				GCC_WARN_64_TO_32_BIT_CONVERSION = YES;
				GCC_WARN_ABOUT_RETURN_TYPE = YES_ERROR;
				GCC_WARN_UNDECLARED_SELECTOR = YES;
				GCC_WARN_UNINITIALIZED_AUTOS = YES_AGGRESSIVE;
				GCC_WARN_UNUSED_FUNCTION = YES;
				GCC_WARN_UNUSED_VARIABLE = YES;
				IPHONEOS_DEPLOYMENT_TARGET = 9.2;
				MTL_ENABLE_DEBUG_INFO = NO;
				SDKROOT = iphoneos;
				TARGETED_DEVICE_FAMILY = "1,2";
				VALIDATE_PRODUCT = YES;
			};
			name = Release;
		};
		342DCE5F1C67FB1000E6659E /* Debug */ = {
			isa = XCBuildConfiguration;
			buildSettings = {
				ASSETCATALOG_COMPILER_APPICON_NAME = AppIcon;
				INFOPLIST_FILE = "$(SRCROOT)/Recipes/ApplicationBase/Info.plist";
				LD_RUNPATH_SEARCH_PATHS = "$(inherited) @executable_path/Frameworks";
				PRODUCT_BUNDLE_IDENTIFIER = io.github.ronanrodrigo.Recipes;
				PRODUCT_NAME = "$(TARGET_NAME)";
			};
			name = Debug;
		};
		342DCE601C67FB1000E6659E /* Release */ = {
			isa = XCBuildConfiguration;
			buildSettings = {
				ASSETCATALOG_COMPILER_APPICON_NAME = AppIcon;
				INFOPLIST_FILE = "$(SRCROOT)/Recipes/ApplicationBase/Info.plist";
				LD_RUNPATH_SEARCH_PATHS = "$(inherited) @executable_path/Frameworks";
				PRODUCT_BUNDLE_IDENTIFIER = io.github.ronanrodrigo.Recipes;
				PRODUCT_NAME = "$(TARGET_NAME)";
			};
			name = Release;
		};
		3452F14E1C68BB3500DF68C2 /* Debug */ = {
			isa = XCBuildConfiguration;
			buildSettings = {
				BUNDLE_LOADER = "$(TEST_HOST)";
				INFOPLIST_FILE = RecipesTests/TestsBase/Info.plist;
				LD_RUNPATH_SEARCH_PATHS = "$(inherited) @executable_path/Frameworks @loader_path/Frameworks";
				PRODUCT_BUNDLE_IDENTIFIER = br.com.meuspedidos.RecipesTests;
				PRODUCT_NAME = "$(TARGET_NAME)";
				TEST_HOST = "$(BUILT_PRODUCTS_DIR)/Recipes.app/Recipes";
			};
			name = Debug;
		};
		3452F14F1C68BB3500DF68C2 /* Release */ = {
			isa = XCBuildConfiguration;
			buildSettings = {
				BUNDLE_LOADER = "$(TEST_HOST)";
				INFOPLIST_FILE = RecipesTests/TestsBase/Info.plist;
				LD_RUNPATH_SEARCH_PATHS = "$(inherited) @executable_path/Frameworks @loader_path/Frameworks";
				PRODUCT_BUNDLE_IDENTIFIER = br.com.meuspedidos.RecipesTests;
				PRODUCT_NAME = "$(TARGET_NAME)";
				TEST_HOST = "$(BUILT_PRODUCTS_DIR)/Recipes.app/Recipes";
			};
			name = Release;
		};
/* End XCBuildConfiguration section */

/* Begin XCConfigurationList section */
		342DCE4C1C67FB1000E6659E /* Build configuration list for PBXProject "Recipes" */ = {
			isa = XCConfigurationList;
			buildConfigurations = (
				342DCE5C1C67FB1000E6659E /* Debug */,
				342DCE5D1C67FB1000E6659E /* Release */,
			);
			defaultConfigurationIsVisible = 0;
			defaultConfigurationName = Release;
		};
		342DCE5E1C67FB1000E6659E /* Build configuration list for PBXNativeTarget "Recipes" */ = {
			isa = XCConfigurationList;
			buildConfigurations = (
				342DCE5F1C67FB1000E6659E /* Debug */,
				342DCE601C67FB1000E6659E /* Release */,
			);
			defaultConfigurationIsVisible = 0;
			defaultConfigurationName = Release;
		};
		3452F14D1C68BB3500DF68C2 /* Build configuration list for PBXNativeTarget "RecipesTests" */ = {
			isa = XCConfigurationList;
			buildConfigurations = (
				3452F14E1C68BB3500DF68C2 /* Debug */,
				3452F14F1C68BB3500DF68C2 /* Release */,
			);
			defaultConfigurationIsVisible = 0;
			defaultConfigurationName = Release;
		};
/* End XCConfigurationList section */
	};
	rootObject = 342DCE491C67FB1000E6659E /* Project object */;
}
